
Microsoft Visual Studio Solution File, Format Version 12.00
# Visual Studio Version 16
VisualStudioVersion = 16.0.29009.5
MinimumVisualStudioVersion = 10.0.40219.1
Project("{FAE04EC0-301F-11D3-BF4B-00C04F79EFBC}") = "Labsheet 4", "Labsheet 4\Labsheet 4.csproj", "{B5E3AFAF-EBA1-4D0F-A0E4-D738A3B514BA}"
EndProject
Global
	GlobalSection(SolutionConfigurationPlatforms) = preSolution
		Debug|Any CPU = Debug|Any CPU
		Release|Any CPU = Release|Any CPU
	EndGlobalSection
	GlobalSection(ProjectConfigurationPlatforms) = postSolution
		{B5E3AFAF-EBA1-4D0F-A0E4-D738A3B514BA}.Debug|Any CPU.ActiveCfg = Debug|Any CPU
		{B5E3AFAF-EBA1-4D0F-A0E4-D738A3B514BA}.Debug|Any CPU.Build.0 = Debug|Any CPU
		{B5E3AFAF-EBA1-4D0F-A0E4-D738A3B514BA}.Release|Any CPU.ActiveCfg = Release|Any CPU
		{B5E3AFAF-EBA1-4D0F-A0E4-D738A3B514BA}.Release|Any CPU.Build.0 = Release|Any CPU
	EndGlobalSection
	GlobalSection(SolutionProperties) = preSolution
		HideSolutionNode = FALSE
	EndGlobalSection
	GlobalSection(ExtensibilityGlobals) = postSolution
		SolutionGuid = {DB4C3E15-E6DE-4402-936B-5596CF72A7D2}
	EndGlobalSection
EndGlobal
